<?xml version="1.0" encoding="utf-8"?>
<Project ToolsVersion="4.0" xmlns="http://schemas.microsoft.com/developer/msbuild/2003">
  <ItemGroup>
    <Filter Include="Source Files">
      <UniqueIdentifier>{4FC737F1-C7A5-4376-A066-2A32D752A2FF}</UniqueIdentifier>
      <Extensions>cpp;c;cc;cxx;def;odl;idl;hpj;bat;asm;asmx</Extensions>
    </Filter>
    <Filter Include="Header Files">
      <UniqueIdentifier>{93995380-89BD-4b04-88EB-625FBE52EBFB}</UniqueIdentifier>
      <Extensions>h;hh;hpp;hxx;hm;inl;inc;xsd</Extensions>
    </Filter>
    <Filter Include="Resource Files">
      <UniqueIdentifier>{67DA6AB6-F800-4c08-8B7A-83BB121AAD01}</UniqueIdentifier>
      <Extensions>rc;ico;cur;bmp;dlg;rc2;rct;bin;rgs;gif;jpg;jpeg;jpe;resx;tiff;tif;png;wav;mfcribbon-ms</Extensions>
    </Filter>
  </ItemGroup>
  <ItemGroup>
    <ClCompile Include="animation\animation.cpp">
      <Filter>Source Files</Filter>
    </ClCompile>
    <ClCompile Include="animation\animationinstance.cpp">
      <Filter>Source Files</Filter>
    </ClCompile>
    <ClCompile Include="animation\mainlinekey.cpp">
      <Filter>Source Files</Filter>
    </ClCompile>
    <ClCompile Include="animation\mainlinekeyinstance.cpp">
      <Filter>Source Files</Filter>
    </ClCompile>
    <ClCompile Include="charactermap\charactermap.cpp">
      <Filter>Source Files</Filter>
    </ClCompile>
    <ClCompile Include="charactermap\charactermapinstruction.cpp">
      <Filter>Source Files</Filter>
    </ClCompile>
    <ClCompile Include="entity\entity.cpp">
      <Filter>Source Files</Filter>
    </ClCompile>
    <ClCompile Include="entity\entityinstance.cpp">
      <Filter>Source Files</Filter>
    </ClCompile>
    <ClCompile Include="entity\entityinstancedata.cpp">
      <Filter>Source Files</Filter>
    </ClCompile>
    <ClCompile Include="entity\object.cpp">
      <Filter>Source Files</Filter>
    </ClCompile>
    <ClCompile Include="file\file.cpp">
      <Filter>Source Files</Filter>
    </ClCompile>
    <ClCompile Include="file\filereference.cpp">
      <Filter>Source Files</Filter>
    </ClCompile>
    <ClCompile Include="global\settings.cpp">
      <Filter>Source Files</Filter>
    </ClCompile>
    <ClCompile Include="loading\loader.cpp">
      <Filter>Source Files</Filter>
    </ClCompile>
    <ClCompile Include="loading\loadinghelpers.cpp">
      <Filter>Source Files</Filter>
    </ClCompile>
    <ClCompile Include="loading\spriterdocumentloader.cpp">
      <Filter>Source Files</Filter>
    </ClCompile>
    <ClCompile Include="model\spritermodel.cpp">
      <Filter>Source Files</Filter>
    </ClCompile>
    <ClCompile Include="objectinfo\angleinfo.cpp">
      <Filter>Source Files</Filter>
    </ClCompile>
    <ClCompile Include="objectinfo\boneinstanceinfo.cpp">
      <Filter>Source Files</Filter>
    </ClCompile>
    <ClCompile Include="objectinfo\boneobjectinfo.cpp">
      <Filter>Source Files</Filter>
    </ClCompile>
    <ClCompile Include="objectinfo\boxinstanceinfo.cpp">
      <Filter>Source Files</Filter>
    </ClCompile>
    <ClCompile Include="objectinfo\boxobjectinfo.cpp">
      <Filter>Source Files</Filter>
    </ClCompile>
    <ClCompile Include="objectinfo\entityobjectinfo.cpp">
      <Filter>Source Files</Filter>
    </ClCompile>
    <ClCompile Include="objectinfo\eventobjectinfo.cpp">
      <Filter>Source Files</Filter>
    </ClCompile>
    <ClCompile Include="objectinfo\intvariableinfo.cpp">
      <Filter>Source Files</Filter>
    </ClCompile>
    <ClCompile Include="objectinfo\pointinstanceinfo.cpp">
      <Filter>Source Files</Filter>
    </ClCompile>
    <ClCompile Include="objectinfo\pointobjectinfo.cpp">
      <Filter>Source Files</Filter>
    </ClCompile>
    <ClCompile Include="objectinfo\realvariableinfo.cpp">
      <Filter>Source Files</Filter>
    </ClCompile>
    <ClCompile Include="objectinfo\soundobjectinfo.cpp">
      <Filter>Source Files</Filter>
    </ClCompile>
    <ClCompile Include="objectinfo\spriteobjectinfo.cpp">
      <Filter>Source Files</Filter>
    </ClCompile>
    <ClCompile Include="objectinfo\stringvariableinfo.cpp">
      <Filter>Source Files</Filter>
    </ClCompile>
    <ClCompile Include="objectinfo\stringvariableinforeference.cpp">
      <Filter>Source Files</Filter>
    </ClCompile>
    <ClCompile Include="objectinfo\taglist.cpp">
      <Filter>Source Files</Filter>
    </ClCompile>
    <ClCompile Include="objectinfo\tagobjectinfo.cpp">
      <Filter>Source Files</Filter>
    </ClCompile>
    <ClCompile Include="objectinfo\tagobjectinforeference.cpp">
      <Filter>Source Files</Filter>
    </ClCompile>
    <ClCompile Include="objectinfo\triggerobjectinfo.cpp">
      <Filter>Source Files</Filter>
    </ClCompile>
    <ClCompile Include="objectinfo\universalobjectinterface.cpp">
      <Filter>Source Files</Filter>
    </ClCompile>
    <ClCompile Include="objectref\boneref.cpp">
      <Filter>Source Files</Filter>
    </ClCompile>
    <ClCompile Include="objectref\bonerefinstance.cpp">
      <Filter>Source Files</Filter>
    </ClCompile>
    <ClCompile Include="objectref\entityref.cpp">
      <Filter>Source Files</Filter>
    </ClCompile>
    <ClCompile Include="objectref\entityrefinstance.cpp">
      <Filter>Source Files</Filter>
    </ClCompile>
    <ClCompile Include="objectref\objectref.cpp">
      <Filter>Source Files</Filter>
    </ClCompile>
    <ClCompile Include="objectref\objectrefinstance.cpp">
      <Filter>Source Files</Filter>
    </ClCompile>
    <ClCompile Include="objectref\spriteref.cpp">
      <Filter>Source Files</Filter>
    </ClCompile>
    <ClCompile Include="objectref\spriterefinstance.cpp">
      <Filter>Source Files</Filter>
    </ClCompile>
    <ClCompile Include="objectref\transformprocessor.cpp">
      <Filter>Source Files</Filter>
    </ClCompile>
    <ClCompile Include="override\filefactory.cpp">
      <Filter>Source Files</Filter>
    </ClCompile>
    <ClCompile Include="override\imagefile.cpp">
      <Filter>Source Files</Filter>
    </ClCompile>
    <ClCompile Include="override\objectfactory.cpp">
      <Filter>Source Files</Filter>
    </ClCompile>
    <ClCompile Include="override\soundfile.cpp">
      <Filter>Source Files</Filter>
    </ClCompile>
    <ClCompile Include="override\soundobjectinforeference.cpp">
      <Filter>Source Files</Filter>
    </ClCompile>
    <ClCompile Include="override\spriterfileattributewrapper.cpp">
      <Filter>Source Files</Filter>
    </ClCompile>
    <ClCompile Include="override\spriterfiledocumentwrapper.cpp">
      <Filter>Source Files</Filter>
    </ClCompile>
    <ClCompile Include="override\spriterfileelementwrapper.cpp">
      <Filter>Source Files</Filter>
    </ClCompile>
    <ClCompile Include="timeinfo\beziereasingcurve.cpp">
      <Filter>Source Files</Filter>
    </ClCompile>
    <ClCompile Include="timeinfo\cubiceasingcurve.cpp">
      <Filter>Source Files</Filter>
    </ClCompile>
    <ClCompile Include="timeinfo\easingcurveinterface.cpp">
      <Filter>Source Files</Filter>
    </ClCompile>
    <ClCompile Include="timeinfo\instanteasingcurve.cpp">
      <Filter>Source Files</Filter>
    </ClCompile>
    <ClCompile Include="timeinfo\lineareasingcurve.cpp">
      <Filter>Source Files</Filter>
    </ClCompile>
    <ClCompile Include="timeinfo\quadraticeasingcurve.cpp">
      <Filter>Source Files</Filter>
    </ClCompile>
    <ClCompile Include="timeinfo\quarticeasingcurve.cpp">
      <Filter>Source Files</Filter>
    </ClCompile>
    <ClCompile Include="timeinfo\quinticeasingcurve.cpp">
      <Filter>Source Files</Filter>
    </ClCompile>
    <ClCompile Include="timeinfo\timeinfo.cpp">
      <Filter>Source Files</Filter>
    </ClCompile>
    <ClCompile Include="timeline\proxytimelinekey.cpp">
      <Filter>Source Files</Filter>
    </ClCompile>
    <ClCompile Include="timeline\soundtimelineinstance.cpp">
      <Filter>Source Files</Filter>
    </ClCompile>
    <ClCompile Include="timeline\tagtimelineinstance.cpp">
      <Filter>Source Files</Filter>
    </ClCompile>
    <ClCompile Include="timeline\timeline.cpp">
      <Filter>Source Files</Filter>
    </ClCompile>
    <ClCompile Include="timeline\timelineinstance.cpp">
      <Filter>Source Files</Filter>
    </ClCompile>
    <ClCompile Include="timeline\timelinekey.cpp">
      <Filter>Source Files</Filter>
    </ClCompile>
    <ClCompile Include="timeline\triggertimelineinstance.cpp">
      <Filter>Source Files</Filter>
    </ClCompile>
    <ClCompile Include="timeline\variabletimelineinstance.cpp">
      <Filter>Source Files</Filter>
    </ClCompile>
    <ClCompile Include="variable\variable.cpp">
      <Filter>Source Files</Filter>
    </ClCompile>
    <ClCompile Include="variable\variablecontainer.cpp">
      <Filter>Source Files</Filter>
    </ClCompile>
    <ClCompile Include="variable\variableinstancenameandidmap.cpp">
      <Filter>Source Files</Filter>
    </ClCompile>
  </ItemGroup>
  <ItemGroup>
    <ClInclude Include="animation\animation.h">
      <Filter>Header Files</Filter>
    </ClInclude>
    <ClInclude Include="animation\animationinstance.h">
      <Filter>Header Files</Filter>
    </ClInclude>
    <ClInclude Include="animation\mainlinekey.h">
      <Filter>Header Files</Filter>
    </ClInclude>
    <ClInclude Include="animation\mainlinekeyinstance.h">
      <Filter>Header Files</Filter>
    </ClInclude>
    <ClInclude Include="charactermap\charactermap.h">
      <Filter>Header Files</Filter>
    </ClInclude>
    <ClInclude Include="charactermap\charactermapinstruction.h">
      <Filter>Header Files</Filter>
    </ClInclude>
    <ClInclude Include="charactermap\charactermapinterface.h">
      <Filter>Header Files</Filter>
    </ClInclude>
    <ClInclude Include="entity\entity.h">
      <Filter>Header Files</Filter>
    </ClInclude>
    <ClInclude Include="entity\entityinstance.h">
      <Filter>Header Files</Filter>
    </ClInclude>
    <ClInclude Include="entity\entityinstancedata.h">
      <Filter>Header Files</Filter>
    </ClInclude>
    <ClInclude Include="entity\object.h">
      <Filter>Header Files</Filter>
    </ClInclude>
    <ClInclude Include="file\file.h">
      <Filter>Header Files</Filter>
    </ClInclude>
    <ClInclude Include="file\filereference.h">
      <Filter>Header Files</Filter>
    </ClInclude>
    <ClInclude Include="global\global.h">
      <Filter>Header Files</Filter>
    </ClInclude>
    <ClInclude Include="global\settings.h">
      <Filter>Header Files</Filter>
    </ClInclude>
    <ClInclude Include="loading\loader.h">
      <Filter>Header Files</Filter>
    </ClInclude>
    <ClInclude Include="loading\loadinghelpers.h">
      <Filter>Header Files</Filter>
    </ClInclude>
    <ClInclude Include="loading\spriterdocumentloader.h">
      <Filter>Header Files</Filter>
    </ClInclude>
    <ClInclude Include="model\spritermodel.h">
      <Filter>Header Files</Filter>
    </ClInclude>
    <ClInclude Include="objectinfo\angleinfo.h">
      <Filter>Header Files</Filter>
    </ClInclude>
    <ClInclude Include="objectinfo\boneinstanceinfo.h">
      <Filter>Header Files</Filter>
    </ClInclude>
    <ClInclude Include="objectinfo\boneobjectinfo.h">
      <Filter>Header Files</Filter>
    </ClInclude>
    <ClInclude Include="objectinfo\boxinstanceinfo.h">
      <Filter>Header Files</Filter>
    </ClInclude>
    <ClInclude Include="objectinfo\boxobjectinfo.h">
      <Filter>Header Files</Filter>
    </ClInclude>
    <ClInclude Include="objectinfo\entityobjectinfo.h">
      <Filter>Header Files</Filter>
    </ClInclude>
    <ClInclude Include="objectinfo\eventobjectinfo.h">
      <Filter>Header Files</Filter>
    </ClInclude>
    <ClInclude Include="objectinfo\intvariableinfo.h">
      <Filter>Header Files</Filter>
    </ClInclude>
    <ClInclude Include="objectinfo\pointinstanceinfo.h">
      <Filter>Header Files</Filter>
    </ClInclude>
    <ClInclude Include="objectinfo\pointobjectinfo.h">
      <Filter>Header Files</Filter>
    </ClInclude>
    <ClInclude Include="objectinfo\realvariableinfo.h">
      <Filter>Header Files</Filter>
    </ClInclude>
    <ClInclude Include="objectinfo\soundobjectinfo.h">
      <Filter>Header Files</Filter>
    </ClInclude>
    <ClInclude Include="objectinfo\spriteobjectinfo.h">
      <Filter>Header Files</Filter>
    </ClInclude>
    <ClInclude Include="objectinfo\stringvariableinfo.h">
      <Filter>Header Files</Filter>
    </ClInclude>
    <ClInclude Include="objectinfo\stringvariableinforeference.h">
      <Filter>Header Files</Filter>
    </ClInclude>
    <ClInclude Include="objectinfo\taglist.h">
      <Filter>Header Files</Filter>
    </ClInclude>
    <ClInclude Include="objectinfo\tagobjectinfo.h">
      <Filter>Header Files</Filter>
    </ClInclude>
    <ClInclude Include="objectinfo\tagobjectinforeference.h">
      <Filter>Header Files</Filter>
    </ClInclude>
    <ClInclude Include="objectinfo\triggerobjectinfo.h">
      <Filter>Header Files</Filter>
    </ClInclude>
    <ClInclude Include="objectinfo\universalobjectinterface.h">
      <Filter>Header Files</Filter>
    </ClInclude>
    <ClInclude Include="objectref\boneref.h">
      <Filter>Header Files</Filter>
    </ClInclude>
    <ClInclude Include="objectref\bonerefinstance.h">
      <Filter>Header Files</Filter>
    </ClInclude>
    <ClInclude Include="objectref\entityref.h">
      <Filter>Header Files</Filter>
    </ClInclude>
    <ClInclude Include="objectref\entityrefinstance.h">
      <Filter>Header Files</Filter>
    </ClInclude>
    <ClInclude Include="objectref\objectref.h">
      <Filter>Header Files</Filter>
    </ClInclude>
    <ClInclude Include="objectref\objectrefinstance.h">
      <Filter>Header Files</Filter>
    </ClInclude>
    <ClInclude Include="objectref\spriteref.h">
      <Filter>Header Files</Filter>
    </ClInclude>
    <ClInclude Include="objectref\spriterefinstance.h">
      <Filter>Header Files</Filter>
    </ClInclude>
    <ClInclude Include="objectref\transformprocessor.h">
      <Filter>Header Files</Filter>
    </ClInclude>
    <ClInclude Include="override\filefactory.h">
      <Filter>Header Files</Filter>
    </ClInclude>
    <ClInclude Include="override\imagefile.h">
      <Filter>Header Files</Filter>
    </ClInclude>
    <ClInclude Include="override\objectfactory.h">
      <Filter>Header Files</Filter>
    </ClInclude>
    <ClInclude Include="override\soundfile.h">
      <Filter>Header Files</Filter>
    </ClInclude>
    <ClInclude Include="override\soundobjectinforeference.h">
      <Filter>Header Files</Filter>
    </ClInclude>
    <ClInclude Include="override\spriterfileattributewrapper.h">
      <Filter>Header Files</Filter>
    </ClInclude>
    <ClInclude Include="override\spriterfiledocumentwrapper.h">
      <Filter>Header Files</Filter>
    </ClInclude>
    <ClInclude Include="override\spriterfileelementwrapper.h">
      <Filter>Header Files</Filter>
    </ClInclude>
    <ClInclude Include="timeinfo\beziereasingcurve.h">
      <Filter>Header Files</Filter>
    </ClInclude>
    <ClInclude Include="timeinfo\cubiceasingcurve.h">
      <Filter>Header Files</Filter>
    </ClInclude>
    <ClInclude Include="timeinfo\easingcurveinterface.h">
      <Filter>Header Files</Filter>
    </ClInclude>
    <ClInclude Include="timeinfo\instanteasingcurve.h">
      <Filter>Header Files</Filter>
    </ClInclude>
    <ClInclude Include="timeinfo\lineareasingcurve.h">
      <Filter>Header Files</Filter>
    </ClInclude>
    <ClInclude Include="timeinfo\quadraticeasingcurve.h">
      <Filter>Header Files</Filter>
    </ClInclude>
    <ClInclude Include="timeinfo\quarticeasingcurve.h">
      <Filter>Header Files</Filter>
    </ClInclude>
    <ClInclude Include="timeinfo\quinticeasingcurve.h">
      <Filter>Header Files</Filter>
    </ClInclude>
    <ClInclude Include="timeinfo\timeinfo.h">
      <Filter>Header Files</Filter>
    </ClInclude>
    <ClInclude Include="timeline\proxytimelinekey.h">
      <Filter>Header Files</Filter>
    </ClInclude>
    <ClInclude Include="timeline\soundtimelineinstance.h">
      <Filter>Header Files</Filter>
    </ClInclude>
    <ClInclude Include="timeline\tagtimelineinstance.h">
      <Filter>Header Files</Filter>
    </ClInclude>
    <ClInclude Include="timeline\timeline.h">
      <Filter>Header Files</Filter>
    </ClInclude>
    <ClInclude Include="timeline\timelineinstance.h">
      <Filter>Header Files</Filter>
    </ClInclude>
    <ClInclude Include="timeline\timelinekey.h">
      <Filter>Header Files</Filter>
    </ClInclude>
    <ClInclude Include="timeline\triggertimelineinstance.h">
      <Filter>Header Files</Filter>
    </ClInclude>
    <ClInclude Include="timeline\variabletimelineinstance.h">
      <Filter>Header Files</Filter>
    </ClInclude>
    <ClInclude Include="variable\variable.h">
      <Filter>Header Files</Filter>
    </ClInclude>
    <ClInclude Include="variable\variablecontainer.h">
      <Filter>Header Files</Filter>
    </ClInclude>
    <ClInclude Include="variable\variableinstancenameandidmap.h">
      <Filter>Header Files</Filter>
    </ClInclude>
    <ClInclude Include="spriterengine.h">
      <Filter>Header Files</Filter>
    </ClInclude>
  </ItemGroup>
</Project>